
Microsoft Visual Studio Solution File, Format Version 12.00
# Visual Studio Version 16
VisualStudioVersion = 16.0.28803.202
MinimumVisualStudioVersion = 10.0.40219.1
Project("{FAE04EC0-301F-11D3-BF4B-00C04F79EFBC}") = "LiteRestReloaded", "LiteRestReloaded\LiteRestReloaded.csproj", "{D801085B-A66B-4B7A-8477-B85BB3A13907}"
EndProject
Project("{FAE04EC0-301F-11D3-BF4B-00C04F79EFBC}") = "LiteRestReloaded.Testing", "LiteRestReloaded.Testing\LiteRestReloaded.Testing.csproj", "{E5D87AA7-C60F-4C1B-9232-4D23B2F4CDC6}"
EndProject
Global
	GlobalSection(SolutionConfigurationPlatforms) = preSolution
		Debug|Any CPU = Debug|Any CPU
		Release|Any CPU = Release|Any CPU
	EndGlobalSection
	GlobalSection(ProjectConfigurationPlatforms) = postSolution
		{D801085B-A66B-4B7A-8477-B85BB3A13907}.Debug|Any CPU.ActiveCfg = Debug|Any CPU
		{D801085B-A66B-4B7A-8477-B85BB3A13907}.Debug|Any CPU.Build.0 = Debug|Any CPU
		{D801085B-A66B-4B7A-8477-B85BB3A13907}.Release|Any CPU.ActiveCfg = Release|Any CPU
		{D801085B-A66B-4B7A-8477-B85BB3A13907}.Release|Any CPU.Build.0 = Release|Any CPU
		{E5D87AA7-C60F-4C1B-9232-4D23B2F4CDC6}.Debug|Any CPU.ActiveCfg = Debug|Any CPU
		{E5D87AA7-C60F-4C1B-9232-4D23B2F4CDC6}.Debug|Any CPU.Build.0 = Debug|Any CPU
		{E5D87AA7-C60F-4C1B-9232-4D23B2F4CDC6}.Release|Any CPU.ActiveCfg = Release|Any CPU
		{E5D87AA7-C60F-4C1B-9232-4D23B2F4CDC6}.Release|Any CPU.Build.0 = Release|Any CPU
	EndGlobalSection
	GlobalSection(SolutionProperties) = preSolution
		HideSolutionNode = FALSE
	EndGlobalSection
	GlobalSection(ExtensibilityGlobals) = postSolution
		SolutionGuid = {FB2C350D-EC0D-4593-B41A-EE18BCF4AC21}
	EndGlobalSection
EndGlobal
